// !$*UTF8*$!
{
	archiveVersion = 1;
	classes = {
	};
	objectVersion = 46;
	objects = {

/* Begin PBXBuildFile section */
		3B8DD7DB15075FD900259106 /* apple.1 in CopyFiles */ = {isa = PBXBuildFile; fileRef = 3B8DD7DA15075FD900259106 /* apple.1 */; };
		3B8DD8171507603B00259106 /* agent.c in Sources */ = {isa = PBXBuildFile; fileRef = 3B8DD7E21507603B00259106 /* agent.c */; };
		3B8DD81E1507603B00259106 /* boot.c in Sources */ = {isa = PBXBuildFile; fileRef = 3B8DD7F61507603B00259106 /* boot.c */; };
		3B8DD81F1507603B00259106 /* com_kaixindev_kxplayer_Agent.c in Sources */ = {isa = PBXBuildFile; fileRef = 3B8DD7F81507603B00259106 /* com_kaixindev_kxplayer_Agent.c */; };
		3B8DD8201507603B00259106 /* com_kaixindev_kxplayer_Device.c in Sources */ = {isa = PBXBuildFile; fileRef = 3B8DD7FA1507603B00259106 /* com_kaixindev_kxplayer_Device.c */; };
		3B8DD8211507603B00259106 /* com_kaixindev_kxplayer_JNITest.c in Sources */ = {isa = PBXBuildFile; fileRef = 3B8DD7FC1507603B00259106 /* com_kaixindev_kxplayer_JNITest.c */; };
		3B8DD82E1507603B00259106 /* player.c in Sources */ = {isa = PBXBuildFile; fileRef = 3B8DD8161507603B00259106 /* player.c */; };
		3B8DD8301507638200259106 /* Carbon.framework in Frameworks */ = {isa = PBXBuildFile; fileRef = 3B8DD82F1507638200259106 /* Carbon.framework */; };
		3B8DD833150763C200259106 /* CoreVideo.framework in Frameworks */ = {isa = PBXBuildFile; fileRef = 3B8DD831150763C200259106 /* CoreVideo.framework */; };
		3B8DD834150763C200259106 /* VideoDecodeAcceleration.framework in Frameworks */ = {isa = PBXBuildFile; fileRef = 3B8DD832150763C200259106 /* VideoDecodeAcceleration.framework */; };
		3B8DD8361507649100259106 /* main.c in Sources */ = {isa = PBXBuildFile; fileRef = 3B8DD8351507649100259106 /* main.c */; };
/* End PBXBuildFile section */

/* Begin PBXCopyFilesBuildPhase section */
		3B8DD7D215075FD900259106 /* CopyFiles */ = {
			isa = PBXCopyFilesBuildPhase;
			buildActionMask = 2147483647;
			dstPath = /usr/share/man/man1/;
			dstSubfolderSpec = 0;
			files = (
				3B8DD7DB15075FD900259106 /* apple.1 in CopyFiles */,
			);
			runOnlyForDeploymentPostprocessing = 1;
		};
/* End PBXCopyFilesBuildPhase section */

/* Begin PBXFileReference section */
		3B8DD7D415075FD900259106 /* apple */ = {isa = PBXFileReference; explicitFileType = "compiled.mach-o.executable"; includeInIndex = 0; path = apple; sourceTree = BUILT_PRODUCTS_DIR; };
		3B8DD7DA15075FD900259106 /* apple.1 */ = {isa = PBXFileReference; lastKnownFileType = text.man; path = apple.1; sourceTree = "<group>"; };
		3B8DD7E21507603B00259106 /* agent.c */ = {isa = PBXFileReference; fileEncoding = 4; lastKnownFileType = sourcecode.c.c; path = agent.c; sourceTree = "<group>"; };
		3B8DD7E31507603B00259106 /* android.h */ = {isa = PBXFileReference; fileEncoding = 4; lastKnownFileType = sourcecode.c.h; path = android.h; sourceTree = "<group>"; };
		3B8DD7E61507603B00259106 /* agent.h */ = {isa = PBXFileReference; fileEncoding = 4; lastKnownFileType = sourcecode.c.h; path = agent.h; sourceTree = "<group>"; };
		3B8DD7E81507603B00259106 /* player.h */ = {isa = PBXFileReference; fileEncoding = 4; lastKnownFileType = sourcecode.c.h; path = player.h; sourceTree = "<group>"; };
		3B8DD7F61507603B00259106 /* boot.c */ = {isa = PBXFileReference; fileEncoding = 4; lastKnownFileType = sourcecode.c.c; path = boot.c; sourceTree = "<group>"; };
		3B8DD7F71507603B00259106 /* boot.h */ = {isa = PBXFileReference; fileEncoding = 4; lastKnownFileType = sourcecode.c.h; path = boot.h; sourceTree = "<group>"; };
		3B8DD7F81507603B00259106 /* com_kaixindev_kxplayer_Agent.c */ = {isa = PBXFileReference; fileEncoding = 4; lastKnownFileType = sourcecode.c.c; path = com_kaixindev_kxplayer_Agent.c; sourceTree = "<group>"; };
		3B8DD7F91507603B00259106 /* com_kaixindev_kxplayer_Agent.h */ = {isa = PBXFileReference; fileEncoding = 4; lastKnownFileType = sourcecode.c.h; path = com_kaixindev_kxplayer_Agent.h; sourceTree = "<group>"; };
		3B8DD7FA1507603B00259106 /* com_kaixindev_kxplayer_Device.c */ = {isa = PBXFileReference; fileEncoding = 4; lastKnownFileType = sourcecode.c.c; path = com_kaixindev_kxplayer_Device.c; sourceTree = "<group>"; };
		3B8DD7FB1507603B00259106 /* com_kaixindev_kxplayer_Device.h */ = {isa = PBXFileReference; fileEncoding = 4; lastKnownFileType = sourcecode.c.h; path = com_kaixindev_kxplayer_Device.h; sourceTree = "<group>"; };
		3B8DD7FC1507603B00259106 /* com_kaixindev_kxplayer_JNITest.c */ = {isa = PBXFileReference; fileEncoding = 4; lastKnownFileType = sourcecode.c.c; path = com_kaixindev_kxplayer_JNITest.c; sourceTree = "<group>"; };
		3B8DD8161507603B00259106 /* player.c */ = {isa = PBXFileReference; fileEncoding = 4; lastKnownFileType = sourcecode.c.c; path = player.c; sourceTree = "<group>"; };
		3B8DD82F1507638200259106 /* Carbon.framework */ = {isa = PBXFileReference; lastKnownFileType = wrapper.framework; name = Carbon.framework; path = System/Library/Frameworks/Carbon.framework; sourceTree = SDKROOT; };
		3B8DD831150763C200259106 /* CoreVideo.framework */ = {isa = PBXFileReference; lastKnownFileType = wrapper.framework; name = CoreVideo.framework; path = System/Library/Frameworks/CoreVideo.framework; sourceTree = SDKROOT; };
		3B8DD832150763C200259106 /* VideoDecodeAcceleration.framework */ = {isa = PBXFileReference; lastKnownFileType = wrapper.framework; name = VideoDecodeAcceleration.framework; path = System/Library/Frameworks/VideoDecodeAcceleration.framework; sourceTree = SDKROOT; };
		3B8DD8351507649100259106 /* main.c */ = {isa = PBXFileReference; fileEncoding = 4; lastKnownFileType = sourcecode.c.c; path = main.c; sourceTree = "<group>"; };
/* End PBXFileReference section */

/* Begin PBXFrameworksBuildPhase section */
		3B8DD7D115075FD900259106 /* Frameworks */ = {
			isa = PBXFrameworksBuildPhase;
			buildActionMask = 2147483647;
			files = (
				3B8DD833150763C200259106 /* CoreVideo.framework in Frameworks */,
				3B8DD834150763C200259106 /* VideoDecodeAcceleration.framework in Frameworks */,
				3B8DD8301507638200259106 /* Carbon.framework in Frameworks */,
			);
			runOnlyForDeploymentPostprocessing = 0;
		};
/* End PBXFrameworksBuildPhase section */

/* Begin PBXGroup section */
		3B8DD7C915075FD800259106 = {
			isa = PBXGroup;
			children = (
				3B8DD831150763C200259106 /* CoreVideo.framework */,
				3B8DD832150763C200259106 /* VideoDecodeAcceleration.framework */,
				3B8DD82F1507638200259106 /* Carbon.framework */,
				3B8DD7D715075FD900259106 /* apple */,
				3B8DD7D515075FD900259106 /* Products */,
			);
			sourceTree = "<group>";
		};
		3B8DD7D515075FD900259106 /* Products */ = {
			isa = PBXGroup;
			children = (
				3B8DD7D415075FD900259106 /* apple */,
			);
			name = Products;
			sourceTree = "<group>";
		};
		3B8DD7D715075FD900259106 /* apple */ = {
			isa = PBXGroup;
			children = (
				3B8DD7E11507603B00259106 /* src */,
				3B8DD7DA15075FD900259106 /* apple.1 */,
			);
			path = apple;
			sourceTree = "<group>";
		};
		3B8DD7E11507603B00259106 /* src */ = {
			isa = PBXGroup;
			children = (
				3B8DD8351507649100259106 /* main.c */,
				3B8DD7E21507603B00259106 /* agent.c */,
				3B8DD7E31507603B00259106 /* android.h */,
				3B8DD7E41507603B00259106 /* api */,
				3B8DD7F31507603B00259106 /* jni */,
				3B8DD8161507603B00259106 /* player.c */,
			);
			path = src;
			sourceTree = "<group>";
		};
		3B8DD7E41507603B00259106 /* api */ = {
			isa = PBXGroup;
			children = (
				3B8DD7E51507603B00259106 /* kxplayer */,
			);
			path = api;
			sourceTree = "<group>";
		};
		3B8DD7E51507603B00259106 /* kxplayer */ = {
			isa = PBXGroup;
			children = (
				3B8DD7E61507603B00259106 /* agent.h */,
				3B8DD7E81507603B00259106 /* player.h */,
			);
			path = kxplayer;
			sourceTree = "<group>";
		};
		3B8DD7F31507603B00259106 /* jni */ = {
			isa = PBXGroup;
			children = (
				3B8DD7F61507603B00259106 /* boot.c */,
				3B8DD7F71507603B00259106 /* boot.h */,
				3B8DD7F81507603B00259106 /* com_kaixindev_kxplayer_Agent.c */,
				3B8DD7F91507603B00259106 /* com_kaixindev_kxplayer_Agent.h */,
				3B8DD7FA1507603B00259106 /* com_kaixindev_kxplayer_Device.c */,
				3B8DD7FB1507603B00259106 /* com_kaixindev_kxplayer_Device.h */,
				3B8DD7FC1507603B00259106 /* com_kaixindev_kxplayer_JNITest.c */,
			);
			path = jni;
			sourceTree = "<group>";
		};
/* End PBXGroup section */

/* Begin PBXNativeTarget section */
		3B8DD7D315075FD900259106 /* apple */ = {
			isa = PBXNativeTarget;
			buildConfigurationList = 3B8DD7DE15075FD900259106 /* Build configuration list for PBXNativeTarget "apple" */;
			buildPhases = (
				3B8DD7D015075FD900259106 /* Sources */,
				3B8DD7D115075FD900259106 /* Frameworks */,
				3B8DD7D215075FD900259106 /* CopyFiles */,
			);
			buildRules = (
			);
			dependencies = (
			);
			name = apple;
			productName = apple;
			productReference = 3B8DD7D415075FD900259106 /* apple */;
			productType = "com.apple.product-type.tool";
		};
/* End PBXNativeTarget section */

/* Begin PBXProject section */
		3B8DD7CB15075FD800259106 /* Project object */ = {
			isa = PBXProject;
			attributes = {
				LastUpgradeCheck = 0430;
			};
			buildConfigurationList = 3B8DD7CE15075FD800259106 /* Build configuration list for PBXProject "apple" */;
			compatibilityVersion = "Xcode 3.2";
			developmentRegion = English;
			hasScannedForEncodings = 0;
			knownRegions = (
				en,
			);
			mainGroup = 3B8DD7C915075FD800259106;
			productRefGroup = 3B8DD7D515075FD900259106 /* Products */;
			projectDirPath = "";
			projectRoot = "";
			targets = (
				3B8DD7D315075FD900259106 /* apple */,
			);
		};
/* End PBXProject section */

/* Begin PBXSourcesBuildPhase section */
		3B8DD7D015075FD900259106 /* Sources */ = {
			isa = PBXSourcesBuildPhase;
			buildActionMask = 2147483647;
			files = (
				3B8DD8171507603B00259106 /* agent.c in Sources */,
				3B8DD81E1507603B00259106 /* boot.c in Sources */,
				3B8DD81F1507603B00259106 /* com_kaixindev_kxplayer_Agent.c in Sources */,
				3B8DD8201507603B00259106 /* com_kaixindev_kxplayer_Device.c in Sources */,
				3B8DD8211507603B00259106 /* com_kaixindev_kxplayer_JNITest.c in Sources */,
				3B8DD82E1507603B00259106 /* player.c in Sources */,
				3B8DD8361507649100259106 /* main.c in Sources */,
			);
			runOnlyForDeploymentPostprocessing = 0;
		};
/* End PBXSourcesBuildPhase section */

/* Begin XCBuildConfiguration section */
		3B8DD7DC15075FD900259106 /* Debug */ = {
			isa = XCBuildConfiguration;
			buildSettings = {
				ALWAYS_SEARCH_USER_PATHS = NO;
				ARCHS = "$(ARCHS_STANDARD_64_BIT)";
				COPY_PHASE_STRIP = NO;
				GCC_C_LANGUAGE_STANDARD = gnu99;
				GCC_DYNAMIC_NO_PIC = NO;
				GCC_ENABLE_OBJC_EXCEPTIONS = YES;
				GCC_OPTIMIZATION_LEVEL = 0;
				GCC_PREPROCESSOR_DEFINITIONS = (
					"DEBUG=1",
					"$(inherited)",
				);
				GCC_SYMBOLS_PRIVATE_EXTERN = NO;
				GCC_VERSION = com.apple.compilers.llvm.clang.1_0;
				GCC_WARN_64_TO_32_BIT_CONVERSION = YES;
				GCC_WARN_ABOUT_RETURN_TYPE = YES;
				GCC_WARN_UNINITIALIZED_AUTOS = YES;
				GCC_WARN_UNUSED_VARIABLE = YES;
				MACOSX_DEPLOYMENT_TARGET = 10.7;
				ONLY_ACTIVE_ARCH = YES;
				SDKROOT = macosx;
			};
			name = Debug;
		};
		3B8DD7DD15075FD900259106 /* Release */ = {
			isa = XCBuildConfiguration;
			buildSettings = {
				ALWAYS_SEARCH_USER_PATHS = NO;
				ARCHS = "$(ARCHS_STANDARD_64_BIT)";
				COPY_PHASE_STRIP = YES;
				DEBUG_INFORMATION_FORMAT = "dwarf-with-dsym";
				GCC_C_LANGUAGE_STANDARD = gnu99;
				GCC_ENABLE_OBJC_EXCEPTIONS = YES;
				GCC_VERSION = com.apple.compilers.llvm.clang.1_0;
				GCC_WARN_64_TO_32_BIT_CONVERSION = YES;
				GCC_WARN_ABOUT_RETURN_TYPE = YES;
				GCC_WARN_UNINITIALIZED_AUTOS = YES;
				GCC_WARN_UNUSED_VARIABLE = YES;
				MACOSX_DEPLOYMENT_TARGET = 10.7;
				SDKROOT = macosx;
			};
			name = Release;
		};
		3B8DD7DF15075FD900259106 /* Debug */ = {
			isa = XCBuildConfiguration;
			buildSettings = {
				HEADER_SEARCH_PATHS = (
					/Users/kaixin/Work/kaixin.dev/osapi/src/api,
					/Users/kaixin/Work/libs/include,
				);
				LIBRARY_SEARCH_PATHS = "/Users/kaixin/Work/libs-debug/lib";
				OTHER_LDFLAGS = (
					"-lavformat",
					"-lavcodec",
					"-lavutil",
					"-losapi",
					"-lbz2",
					"-lz",
				);
				PRODUCT_NAME = "$(TARGET_NAME)";
				USER_HEADER_SEARCH_PATHS = "";
			};
			name = Debug;
		};
		3B8DD7E015075FD900259106 /* Release */ = {
			isa = XCBuildConfiguration;
			buildSettings = {
				HEADER_SEARCH_PATHS = (
					/Users/kaixin/Work/kaixin.dev/osapi/src/api,
					/Users/kaixin/Work/libs/include,
				);
				LIBRARY_SEARCH_PATHS = /Users/kaixin/Work/libs/lib;
				OTHER_LDFLAGS = (
					"-lavformat",
					"-lavcodec",
					"-lavutil",
					"-losapi",
					"-lbz2",
					"-lz",
				);
				PRODUCT_NAME = "$(TARGET_NAME)";
				USER_HEADER_SEARCH_PATHS = "";
			};
			name = Release;
		};
/* End XCBuildConfiguration section */

/* Begin XCConfigurationList section */
		3B8DD7CE15075FD800259106 /* Build configuration list for PBXProject "apple" */ = {
			isa = XCConfigurationList;
			buildConfigurations = (
				3B8DD7DC15075FD900259106 /* Debug */,
				3B8DD7DD15075FD900259106 /* Release */,
			);
			defaultConfigurationIsVisible = 0;
			defaultConfigurationName = Release;
		};
		3B8DD7DE15075FD900259106 /* Build configuration list for PBXNativeTarget "apple" */ = {
			isa = XCConfigurationList;
			buildConfigurations = (
				3B8DD7DF15075FD900259106 /* Debug */,
				3B8DD7E015075FD900259106 /* Release */,
			);
			defaultConfigurationIsVisible = 0;
		};
/* End XCConfigurationList section */
	};
	rootObject = 3B8DD7CB15075FD800259106 /* Project object */;
}
